
Microsoft Visual Studio Solution File, Format Version 12.00
# Visual Studio 15
VisualStudioVersion = 15.0.28010.2041
MinimumVisualStudioVersion = 10.0.40219.1
Project("{FAE04EC0-301F-11D3-BF4B-00C04F79EFBC}") = "CryptoTrackerAPI", "CryptoTrackerAPI\CryptoTrackerAPI.csproj", "{9635B41E-D8C0-4DC5-9C6C-DFD33EA2E30C}"
EndProject
Project("{FAE04EC0-301F-11D3-BF4B-00C04F79EFBC}") = "CryptoTrackerAPI.DAL", "CryptoTrackerAPI.DAL\CryptoTrackerAPI.DAL.csproj", "{90F7E2BF-8C1A-46C9-9306-C33D7C95C78C}"
EndProject
Project("{FAE04EC0-301F-11D3-BF4B-00C04F79EFBC}") = "CryptoTrackerAPI.BLL", "CryptoTrackerAPI.BLL\CryptoTrackerAPI.BLL.csproj", "{D7AD8D04-CAFE-4BFB-8FC0-9D167B172D88}"
EndProject
Project("{FAE04EC0-301F-11D3-BF4B-00C04F79EFBC}") = "CryptoTrackerAPI.Shared", "CryptoTrackerAPI.Shared\CryptoTrackerAPI.Shared.csproj", "{B3D3F38B-8223-4A55-BB36-DF95D1A9978E}"
EndProject
Global
	GlobalSection(SolutionConfigurationPlatforms) = preSolution
		Debug|Any CPU = Debug|Any CPU
		Release|Any CPU = Release|Any CPU
	EndGlobalSection
	GlobalSection(ProjectConfigurationPlatforms) = postSolution
		{9635B41E-D8C0-4DC5-9C6C-DFD33EA2E30C}.Debug|Any CPU.ActiveCfg = Debug|Any CPU
		{9635B41E-D8C0-4DC5-9C6C-DFD33EA2E30C}.Debug|Any CPU.Build.0 = Debug|Any CPU
		{9635B41E-D8C0-4DC5-9C6C-DFD33EA2E30C}.Release|Any CPU.ActiveCfg = Release|Any CPU
		{9635B41E-D8C0-4DC5-9C6C-DFD33EA2E30C}.Release|Any CPU.Build.0 = Release|Any CPU
		{90F7E2BF-8C1A-46C9-9306-C33D7C95C78C}.Debug|Any CPU.ActiveCfg = Debug|Any CPU
		{90F7E2BF-8C1A-46C9-9306-C33D7C95C78C}.Debug|Any CPU.Build.0 = Debug|Any CPU
		{90F7E2BF-8C1A-46C9-9306-C33D7C95C78C}.Release|Any CPU.ActiveCfg = Release|Any CPU
		{90F7E2BF-8C1A-46C9-9306-C33D7C95C78C}.Release|Any CPU.Build.0 = Release|Any CPU
		{D7AD8D04-CAFE-4BFB-8FC0-9D167B172D88}.Debug|Any CPU.ActiveCfg = Debug|Any CPU
		{D7AD8D04-CAFE-4BFB-8FC0-9D167B172D88}.Debug|Any CPU.Build.0 = Debug|Any CPU
		{D7AD8D04-CAFE-4BFB-8FC0-9D167B172D88}.Release|Any CPU.ActiveCfg = Release|Any CPU
		{D7AD8D04-CAFE-4BFB-8FC0-9D167B172D88}.Release|Any CPU.Build.0 = Release|Any CPU
		{B3D3F38B-8223-4A55-BB36-DF95D1A9978E}.Debug|Any CPU.ActiveCfg = Debug|Any CPU
		{B3D3F38B-8223-4A55-BB36-DF95D1A9978E}.Debug|Any CPU.Build.0 = Debug|Any CPU
		{B3D3F38B-8223-4A55-BB36-DF95D1A9978E}.Release|Any CPU.ActiveCfg = Release|Any CPU
		{B3D3F38B-8223-4A55-BB36-DF95D1A9978E}.Release|Any CPU.Build.0 = Release|Any CPU
	EndGlobalSection
	GlobalSection(SolutionProperties) = preSolution
		HideSolutionNode = FALSE
	EndGlobalSection
	GlobalSection(ExtensibilityGlobals) = postSolution
		SolutionGuid = {40950912-D515-47C9-BAAD-E0FD7BC5AE32}
	EndGlobalSection
EndGlobal
